
Microsoft Visual Studio Solution File, Format Version 12.00
# Visual Studio Version 16
VisualStudioVersion = 16.0.33423.256
MinimumVisualStudioVersion = 10.0.40219.1
Project("{FAE04EC0-301F-11D3-BF4B-00C04F79EFBC}") = "CursoWindowsForms", "CursoWindowsForms\CursoWindowsForms.csproj", "{A8420705-6022-41C1-B513-47693D6EC8C7}"
EndProject
Project("{FAE04EC0-301F-11D3-BF4B-00C04F79EFBC}") = "CursoWindowsFormsBiblioteca", "CursoWindowsFormsBiblioteca\CursoWindowsFormsBiblioteca.csproj", "{7F6BED13-4454-41D6-8115-A41DEDB550B8}"
EndProject
Global
	GlobalSection(SolutionConfigurationPlatforms) = preSolution
		Debug|Any CPU = Debug|Any CPU
		Release|Any CPU = Release|Any CPU
	EndGlobalSection
	GlobalSection(ProjectConfigurationPlatforms) = postSolution
		{A8420705-6022-41C1-B513-47693D6EC8C7}.Debug|Any CPU.ActiveCfg = Debug|Any CPU
		{A8420705-6022-41C1-B513-47693D6EC8C7}.Debug|Any CPU.Build.0 = Debug|Any CPU
		{A8420705-6022-41C1-B513-47693D6EC8C7}.Release|Any CPU.ActiveCfg = Release|Any CPU
		{A8420705-6022-41C1-B513-47693D6EC8C7}.Release|Any CPU.Build.0 = Release|Any CPU
		{7F6BED13-4454-41D6-8115-A41DEDB550B8}.Debug|Any CPU.ActiveCfg = Debug|Any CPU
		{7F6BED13-4454-41D6-8115-A41DEDB550B8}.Debug|Any CPU.Build.0 = Debug|Any CPU
		{7F6BED13-4454-41D6-8115-A41DEDB550B8}.Release|Any CPU.ActiveCfg = Release|Any CPU
		{7F6BED13-4454-41D6-8115-A41DEDB550B8}.Release|Any CPU.Build.0 = Release|Any CPU
	EndGlobalSection
	GlobalSection(SolutionProperties) = preSolution
		HideSolutionNode = FALSE
	EndGlobalSection
	GlobalSection(ExtensibilityGlobals) = postSolution
		SolutionGuid = {C2C15B9A-9F02-4E62-BC6A-FD8B26D00E04}
	EndGlobalSection
EndGlobal
